
Microsoft Visual Studio Solution File, Format Version 12.00
# Visual Studio Version 17
VisualStudioVersion = 17.0.31903.59
MinimumVisualStudioVersion = 10.0.40219.1
Project("{FAE04EC0-301F-11D3-BF4B-00C04F79EFBC}") = "RegionalLeagueApp.Domain", "RegionalLeagueApp.Domain\RegionalLeagueApp.Domain.csproj", "{BE17DABA-108E-4C78-9FC2-32615915AC0F}"
EndProject
Project("{FAE04EC0-301F-11D3-BF4B-00C04F79EFBC}") = "RegionalLeagueApp.Web", "RegionalLeagueApp.Web\RegionalLeagueApp.Web.csproj", "{12796402-761A-4AE7-9776-FFD9BC6ABDAA}"
EndProject
Project("{FAE04EC0-301F-11D3-BF4B-00C04F79EFBC}") = "RegionalLeagueApp.Application", "RegionalLeagueApp.Application\RegionalLeagueApp.Application.csproj", "{7CC732C1-18E9-417D-BB31-D6474A7D4A4C}"
EndProject
Project("{FAE04EC0-301F-11D3-BF4B-00C04F79EFBC}") = "RegionalLeagueApp.Infrastructure", "RegionalLeagueApp.Infrastructure\RegionalLeagueApp.Infrastructure.csproj", "{6527073A-0023-49D5-B166-E242D68E8CDB}"
EndProject
Global
	GlobalSection(SolutionConfigurationPlatforms) = preSolution
		Debug|Any CPU = Debug|Any CPU
		Debug|x64 = Debug|x64
		Debug|x86 = Debug|x86
		Release|Any CPU = Release|Any CPU
		Release|x64 = Release|x64
		Release|x86 = Release|x86
	EndGlobalSection
	GlobalSection(ProjectConfigurationPlatforms) = postSolution
		{BE17DABA-108E-4C78-9FC2-32615915AC0F}.Debug|Any CPU.ActiveCfg = Debug|Any CPU
		{BE17DABA-108E-4C78-9FC2-32615915AC0F}.Debug|Any CPU.Build.0 = Debug|Any CPU
		{BE17DABA-108E-4C78-9FC2-32615915AC0F}.Debug|x64.ActiveCfg = Debug|Any CPU
		{BE17DABA-108E-4C78-9FC2-32615915AC0F}.Debug|x64.Build.0 = Debug|Any CPU
		{BE17DABA-108E-4C78-9FC2-32615915AC0F}.Debug|x86.ActiveCfg = Debug|Any CPU
		{BE17DABA-108E-4C78-9FC2-32615915AC0F}.Debug|x86.Build.0 = Debug|Any CPU
		{BE17DABA-108E-4C78-9FC2-32615915AC0F}.Release|Any CPU.ActiveCfg = Release|Any CPU
		{BE17DABA-108E-4C78-9FC2-32615915AC0F}.Release|Any CPU.Build.0 = Release|Any CPU
		{BE17DABA-108E-4C78-9FC2-32615915AC0F}.Release|x64.ActiveCfg = Release|Any CPU
		{BE17DABA-108E-4C78-9FC2-32615915AC0F}.Release|x64.Build.0 = Release|Any CPU
		{BE17DABA-108E-4C78-9FC2-32615915AC0F}.Release|x86.ActiveCfg = Release|Any CPU
		{BE17DABA-108E-4C78-9FC2-32615915AC0F}.Release|x86.Build.0 = Release|Any CPU
		{12796402-761A-4AE7-9776-FFD9BC6ABDAA}.Debug|Any CPU.ActiveCfg = Debug|Any CPU
		{12796402-761A-4AE7-9776-FFD9BC6ABDAA}.Debug|Any CPU.Build.0 = Debug|Any CPU
		{12796402-761A-4AE7-9776-FFD9BC6ABDAA}.Debug|x64.ActiveCfg = Debug|Any CPU
		{12796402-761A-4AE7-9776-FFD9BC6ABDAA}.Debug|x64.Build.0 = Debug|Any CPU
		{12796402-761A-4AE7-9776-FFD9BC6ABDAA}.Debug|x86.ActiveCfg = Debug|Any CPU
		{12796402-761A-4AE7-9776-FFD9BC6ABDAA}.Debug|x86.Build.0 = Debug|Any CPU
		{12796402-761A-4AE7-9776-FFD9BC6ABDAA}.Release|Any CPU.ActiveCfg = Release|Any CPU
		{12796402-761A-4AE7-9776-FFD9BC6ABDAA}.Release|Any CPU.Build.0 = Release|Any CPU
		{12796402-761A-4AE7-9776-FFD9BC6ABDAA}.Release|x64.ActiveCfg = Release|Any CPU
		{12796402-761A-4AE7-9776-FFD9BC6ABDAA}.Release|x64.Build.0 = Release|Any CPU
		{12796402-761A-4AE7-9776-FFD9BC6ABDAA}.Release|x86.ActiveCfg = Release|Any CPU
		{12796402-761A-4AE7-9776-FFD9BC6ABDAA}.Release|x86.Build.0 = Release|Any CPU
		{7CC732C1-18E9-417D-BB31-D6474A7D4A4C}.Debug|Any CPU.ActiveCfg = Debug|Any CPU
		{7CC732C1-18E9-417D-BB31-D6474A7D4A4C}.Debug|Any CPU.Build.0 = Debug|Any CPU
		{7CC732C1-18E9-417D-BB31-D6474A7D4A4C}.Debug|x64.ActiveCfg = Debug|Any CPU
		{7CC732C1-18E9-417D-BB31-D6474A7D4A4C}.Debug|x64.Build.0 = Debug|Any CPU
		{7CC732C1-18E9-417D-BB31-D6474A7D4A4C}.Debug|x86.ActiveCfg = Debug|Any CPU
		{7CC732C1-18E9-417D-BB31-D6474A7D4A4C}.Debug|x86.Build.0 = Debug|Any CPU
		{7CC732C1-18E9-417D-BB31-D6474A7D4A4C}.Release|Any CPU.ActiveCfg = Release|Any CPU
		{7CC732C1-18E9-417D-BB31-D6474A7D4A4C}.Release|Any CPU.Build.0 = Release|Any CPU
		{7CC732C1-18E9-417D-BB31-D6474A7D4A4C}.Release|x64.ActiveCfg = Release|Any CPU
		{7CC732C1-18E9-417D-BB31-D6474A7D4A4C}.Release|x64.Build.0 = Release|Any CPU
		{7CC732C1-18E9-417D-BB31-D6474A7D4A4C}.Release|x86.ActiveCfg = Release|Any CPU
		{7CC732C1-18E9-417D-BB31-D6474A7D4A4C}.Release|x86.Build.0 = Release|Any CPU
		{6527073A-0023-49D5-B166-E242D68E8CDB}.Debug|Any CPU.ActiveCfg = Debug|Any CPU
		{6527073A-0023-49D5-B166-E242D68E8CDB}.Debug|Any CPU.Build.0 = Debug|Any CPU
		{6527073A-0023-49D5-B166-E242D68E8CDB}.Debug|x64.ActiveCfg = Debug|Any CPU
		{6527073A-0023-49D5-B166-E242D68E8CDB}.Debug|x64.Build.0 = Debug|Any CPU
		{6527073A-0023-49D5-B166-E242D68E8CDB}.Debug|x86.ActiveCfg = Debug|Any CPU
		{6527073A-0023-49D5-B166-E242D68E8CDB}.Debug|x86.Build.0 = Debug|Any CPU
		{6527073A-0023-49D5-B166-E242D68E8CDB}.Release|Any CPU.ActiveCfg = Release|Any CPU
		{6527073A-0023-49D5-B166-E242D68E8CDB}.Release|Any CPU.Build.0 = Release|Any CPU
		{6527073A-0023-49D5-B166-E242D68E8CDB}.Release|x64.ActiveCfg = Release|Any CPU
		{6527073A-0023-49D5-B166-E242D68E8CDB}.Release|x64.Build.0 = Release|Any CPU
		{6527073A-0023-49D5-B166-E242D68E8CDB}.Release|x86.ActiveCfg = Release|Any CPU
		{6527073A-0023-49D5-B166-E242D68E8CDB}.Release|x86.Build.0 = Release|Any CPU
	EndGlobalSection
	GlobalSection(SolutionProperties) = preSolution
		HideSolutionNode = FALSE
	EndGlobalSection
EndGlobal
